{
  "name": "@mika-alpha/binary-search-trees",
  "version": "1.0.0",
  "lockfileVersion": 2,
  "requires": true,
  "packages": {
    "": {
      "name": "@mika-alpha/binary-search-trees",
      "version": "1.0.0",
      "license": "ISC",
      "dependencies": {
        "@mika-alpha/merge-sort": "^1.0.0"
      }
    },
    "node_modules/@mika-alpha/merge-sort": {
      "version": "1.0.1",
      "resolved": "https://registry.npmjs.org/@mika-alpha/merge-sort/-/merge-sort-1.0.1.tgz",
      "integrity": "sha512-Avua16PlFZKH/NsbrAqqQmqYClwBzOMU39K32PQOT9Xqm6y1vdcy5VnRuFzAcaok59jSNAomv3sU0zX3j5R42w=="
    }
  },
  "dependencies": {
    "@mika-alpha/merge-sort": {
      "version": "1.0.1",
      "resolved": "https://registry.npmjs.org/@mika-alpha/merge-sort/-/merge-sort-1.0.1.tgz",
      "integrity": "sha512-Avua16PlFZKH/NsbrAqqQmqYClwBzOMU39K32PQOT9Xqm6y1vdcy5VnRuFzAcaok59jSNAomv3sU0zX3j5R42w=="
    }
  }
}
